
Microsoft Visual Studio Solution File, Format Version 12.00
# Visual Studio Version 17
VisualStudioVersion = 17.2.32630.192
MinimumVisualStudioVersion = 10.0.40219.1
Project("{FAE04EC0-301F-11D3-BF4B-00C04F79EFBC}") = "Homework1", "Homework\Homework1.csproj", "{06156B0D-8717-47AB-863F-76DF77AE1CB5}"
EndProject
Project("{FAE04EC0-301F-11D3-BF4B-00C04F79EFBC}") = "Homework2", "Homework2\Homework2.csproj", "{093679FB-1654-495C-939C-A05E29B97117}"
EndProject
Project("{FAE04EC0-301F-11D3-BF4B-00C04F79EFBC}") = "Homework.Utilities", "Homework.Utilities\Homework.Utilities.csproj", "{3B4CB03C-AB33-4EFF-9C5E-16077B83CC94}"
EndProject
Project("{FAE04EC0-301F-11D3-BF4B-00C04F79EFBC}") = "Homework3", "Homework3\Homework3.csproj", "{74AD4E7B-6297-4CF7-86C5-BD121B6D5CEB}"
EndProject
Project("{FAE04EC0-301F-11D3-BF4B-00C04F79EFBC}") = "Homework4", "Homework4\Homework4.csproj", "{3EE96C49-E4DD-41CC-979D-A52C1D607CEF}"
EndProject
Project("{FAE04EC0-301F-11D3-BF4B-00C04F79EFBC}") = "Homework5", "Homework5\Homework5.csproj", "{86EAC19B-275C-4C4A-A3B4-793BF2A61F52}"
EndProject
Project("{FAE04EC0-301F-11D3-BF4B-00C04F79EFBC}") = "Homework6", "Homework6\Homework6.csproj", "{33A63F8A-2C0B-4183-9098-45A5B0005C4A}"
EndProject
Project("{FAE04EC0-301F-11D3-BF4B-00C04F79EFBC}") = "Homework7.Doubler", "Homework7\Homework7.Doubler.csproj", "{69BF7105-96A0-4479-B8FC-1C53CD86E881}"
EndProject
Project("{FAE04EC0-301F-11D3-BF4B-00C04F79EFBC}") = "Homework7.GuessGame", "Homework7.GuessGame\Homework7.GuessGame.csproj", "{35F20100-822B-4B90-82A6-150C6A9C024B}"
EndProject
Global
	GlobalSection(SolutionConfigurationPlatforms) = preSolution
		Debug|Any CPU = Debug|Any CPU
		Release|Any CPU = Release|Any CPU
	EndGlobalSection
	GlobalSection(ProjectConfigurationPlatforms) = postSolution
		{06156B0D-8717-47AB-863F-76DF77AE1CB5}.Debug|Any CPU.ActiveCfg = Debug|Any CPU
		{06156B0D-8717-47AB-863F-76DF77AE1CB5}.Debug|Any CPU.Build.0 = Debug|Any CPU
		{06156B0D-8717-47AB-863F-76DF77AE1CB5}.Release|Any CPU.ActiveCfg = Release|Any CPU
		{06156B0D-8717-47AB-863F-76DF77AE1CB5}.Release|Any CPU.Build.0 = Release|Any CPU
		{093679FB-1654-495C-939C-A05E29B97117}.Debug|Any CPU.ActiveCfg = Debug|Any CPU
		{093679FB-1654-495C-939C-A05E29B97117}.Debug|Any CPU.Build.0 = Debug|Any CPU
		{093679FB-1654-495C-939C-A05E29B97117}.Release|Any CPU.ActiveCfg = Release|Any CPU
		{093679FB-1654-495C-939C-A05E29B97117}.Release|Any CPU.Build.0 = Release|Any CPU
		{3B4CB03C-AB33-4EFF-9C5E-16077B83CC94}.Debug|Any CPU.ActiveCfg = Debug|Any CPU
		{3B4CB03C-AB33-4EFF-9C5E-16077B83CC94}.Debug|Any CPU.Build.0 = Debug|Any CPU
		{3B4CB03C-AB33-4EFF-9C5E-16077B83CC94}.Release|Any CPU.ActiveCfg = Release|Any CPU
		{3B4CB03C-AB33-4EFF-9C5E-16077B83CC94}.Release|Any CPU.Build.0 = Release|Any CPU
		{74AD4E7B-6297-4CF7-86C5-BD121B6D5CEB}.Debug|Any CPU.ActiveCfg = Debug|Any CPU
		{74AD4E7B-6297-4CF7-86C5-BD121B6D5CEB}.Debug|Any CPU.Build.0 = Debug|Any CPU
		{74AD4E7B-6297-4CF7-86C5-BD121B6D5CEB}.Release|Any CPU.ActiveCfg = Release|Any CPU
		{74AD4E7B-6297-4CF7-86C5-BD121B6D5CEB}.Release|Any CPU.Build.0 = Release|Any CPU
		{3EE96C49-E4DD-41CC-979D-A52C1D607CEF}.Debug|Any CPU.ActiveCfg = Debug|Any CPU
		{3EE96C49-E4DD-41CC-979D-A52C1D607CEF}.Debug|Any CPU.Build.0 = Debug|Any CPU
		{3EE96C49-E4DD-41CC-979D-A52C1D607CEF}.Release|Any CPU.ActiveCfg = Release|Any CPU
		{3EE96C49-E4DD-41CC-979D-A52C1D607CEF}.Release|Any CPU.Build.0 = Release|Any CPU
		{86EAC19B-275C-4C4A-A3B4-793BF2A61F52}.Debug|Any CPU.ActiveCfg = Debug|Any CPU
		{86EAC19B-275C-4C4A-A3B4-793BF2A61F52}.Debug|Any CPU.Build.0 = Debug|Any CPU
		{86EAC19B-275C-4C4A-A3B4-793BF2A61F52}.Release|Any CPU.ActiveCfg = Release|Any CPU
		{86EAC19B-275C-4C4A-A3B4-793BF2A61F52}.Release|Any CPU.Build.0 = Release|Any CPU
		{33A63F8A-2C0B-4183-9098-45A5B0005C4A}.Debug|Any CPU.ActiveCfg = Debug|Any CPU
		{33A63F8A-2C0B-4183-9098-45A5B0005C4A}.Debug|Any CPU.Build.0 = Debug|Any CPU
		{33A63F8A-2C0B-4183-9098-45A5B0005C4A}.Release|Any CPU.ActiveCfg = Release|Any CPU
		{33A63F8A-2C0B-4183-9098-45A5B0005C4A}.Release|Any CPU.Build.0 = Release|Any CPU
		{69BF7105-96A0-4479-B8FC-1C53CD86E881}.Debug|Any CPU.ActiveCfg = Debug|Any CPU
		{69BF7105-96A0-4479-B8FC-1C53CD86E881}.Debug|Any CPU.Build.0 = Debug|Any CPU
		{69BF7105-96A0-4479-B8FC-1C53CD86E881}.Release|Any CPU.ActiveCfg = Release|Any CPU
		{69BF7105-96A0-4479-B8FC-1C53CD86E881}.Release|Any CPU.Build.0 = Release|Any CPU
		{35F20100-822B-4B90-82A6-150C6A9C024B}.Debug|Any CPU.ActiveCfg = Debug|Any CPU
		{35F20100-822B-4B90-82A6-150C6A9C024B}.Debug|Any CPU.Build.0 = Debug|Any CPU
		{35F20100-822B-4B90-82A6-150C6A9C024B}.Release|Any CPU.ActiveCfg = Release|Any CPU
		{35F20100-822B-4B90-82A6-150C6A9C024B}.Release|Any CPU.Build.0 = Release|Any CPU
	EndGlobalSection
	GlobalSection(SolutionProperties) = preSolution
		HideSolutionNode = FALSE
	EndGlobalSection
	GlobalSection(ExtensibilityGlobals) = postSolution
		SolutionGuid = {7AE13ECC-37B0-4378-B80B-8F44A61111F6}
	EndGlobalSection
EndGlobal
